// !$*UTF8*$!
{
	archiveVersion = 1;
	classes = {
	};
	objectVersion = 56;
	objects = {

/* Begin PBXBuildFile section */
		690F853728BE134800B0AFB8 /* imageView.swift in Sources */ = {isa = PBXBuildFile; fileRef = 690F853628BE134800B0AFB8 /* imageView.swift */; };
		69D4D12628BBEF6D0023E34D /* MyPhotoViewController.swift in Sources */ = {isa = PBXBuildFile; fileRef = 69D4D12528BBEF6D0023E34D /* MyPhotoViewController.swift */; };
		69DE2FFF28B91961007FF87F /* CollectionViewCell.swift in Sources */ = {isa = PBXBuildFile; fileRef = 69DE2FFE28B91961007FF87F /* CollectionViewCell.swift */; };
		69FB542128B7CAB3005524A1 /* AppDelegate.swift in Sources */ = {isa = PBXBuildFile; fileRef = 69FB542028B7CAB3005524A1 /* AppDelegate.swift */; };
		69FB542328B7CAB3005524A1 /* SceneDelegate.swift in Sources */ = {isa = PBXBuildFile; fileRef = 69FB542228B7CAB3005524A1 /* SceneDelegate.swift */; };
		69FB542828B7CAB3005524A1 /* Main.storyboard in Resources */ = {isa = PBXBuildFile; fileRef = 69FB542628B7CAB3005524A1 /* Main.storyboard */; };
		69FB542A28B7CAB4005524A1 /* Assets.xcassets in Resources */ = {isa = PBXBuildFile; fileRef = 69FB542928B7CAB4005524A1 /* Assets.xcassets */; };
		69FB542D28B7CAB4005524A1 /* LaunchScreen.storyboard in Resources */ = {isa = PBXBuildFile; fileRef = 69FB542B28B7CAB4005524A1 /* LaunchScreen.storyboard */; };
		69FB543528B7CB9B005524A1 /* PhotoCollectionViewController.swift in Sources */ = {isa = PBXBuildFile; fileRef = 69FB543428B7CB9B005524A1 /* PhotoCollectionViewController.swift */; };
		69FB543728B7CE3F005524A1 /* NetworkManager.swift in Sources */ = {isa = PBXBuildFile; fileRef = 69FB543628B7CE3F005524A1 /* NetworkManager.swift */; };
		69FB543928B7D060005524A1 /* SearchResults.swift in Sources */ = {isa = PBXBuildFile; fileRef = 69FB543828B7D060005524A1 /* SearchResults.swift */; };
/* End PBXBuildFile section */

/* Begin PBXFileReference section */
		690F853628BE134800B0AFB8 /* imageView.swift */ = {isa = PBXFileReference; lastKnownFileType = sourcecode.swift; path = imageView.swift; sourceTree = "<group>"; };
		69D4D12528BBEF6D0023E34D /* MyPhotoViewController.swift */ = {isa = PBXFileReference; lastKnownFileType = sourcecode.swift; path = MyPhotoViewController.swift; sourceTree = "<group>"; };
		69DE2FFE28B91961007FF87F /* CollectionViewCell.swift */ = {isa = PBXFileReference; lastKnownFileType = sourcecode.swift; path = CollectionViewCell.swift; sourceTree = "<group>"; };
		69FB541D28B7CAB3005524A1 /* Photo Search.app */ = {isa = PBXFileReference; explicitFileType = wrapper.application; includeInIndex = 0; path = "Photo Search.app"; sourceTree = BUILT_PRODUCTS_DIR; };
		69FB542028B7CAB3005524A1 /* AppDelegate.swift */ = {isa = PBXFileReference; lastKnownFileType = sourcecode.swift; path = AppDelegate.swift; sourceTree = "<group>"; };
		69FB542228B7CAB3005524A1 /* SceneDelegate.swift */ = {isa = PBXFileReference; lastKnownFileType = sourcecode.swift; path = SceneDelegate.swift; sourceTree = "<group>"; };
		69FB542728B7CAB3005524A1 /* Base */ = {isa = PBXFileReference; lastKnownFileType = file.storyboard; name = Base; path = Base.lproj/Main.storyboard; sourceTree = "<group>"; };
		69FB542928B7CAB4005524A1 /* Assets.xcassets */ = {isa = PBXFileReference; lastKnownFileType = folder.assetcatalog; path = Assets.xcassets; sourceTree = "<group>"; };
		69FB542C28B7CAB4005524A1 /* Base */ = {isa = PBXFileReference; lastKnownFileType = file.storyboard; name = Base; path = Base.lproj/LaunchScreen.storyboard; sourceTree = "<group>"; };
		69FB542E28B7CAB4005524A1 /* Info.plist */ = {isa = PBXFileReference; lastKnownFileType = text.plist.xml; path = Info.plist; sourceTree = "<group>"; };
		69FB543428B7CB9B005524A1 /* PhotoCollectionViewController.swift */ = {isa = PBXFileReference; lastKnownFileType = sourcecode.swift; path = PhotoCollectionViewController.swift; sourceTree = "<group>"; };
		69FB543628B7CE3F005524A1 /* NetworkManager.swift */ = {isa = PBXFileReference; lastKnownFileType = sourcecode.swift; path = NetworkManager.swift; sourceTree = "<group>"; };
		69FB543828B7D060005524A1 /* SearchResults.swift */ = {isa = PBXFileReference; lastKnownFileType = sourcecode.swift; path = SearchResults.swift; sourceTree = "<group>"; };
/* End PBXFileReference section */

/* Begin PBXFrameworksBuildPhase section */
		69FB541A28B7CAB3005524A1 /* Frameworks */ = {
			isa = PBXFrameworksBuildPhase;
			buildActionMask = 2147483647;
			files = (
			);
			runOnlyForDeploymentPostprocessing = 0;
		};
/* End PBXFrameworksBuildPhase section */

/* Begin PBXGroup section */
		690F853828BE159200B0AFB8 /* ViewControllers */ = {
			isa = PBXGroup;
			children = (
				69FB543428B7CB9B005524A1 /* PhotoCollectionViewController.swift */,
				69D4D12528BBEF6D0023E34D /* MyPhotoViewController.swift */,
			);
			name = ViewControllers;
			sourceTree = "<group>";
		};
		690F853928BE15D400B0AFB8 /* Views */ = {
			isa = PBXGroup;
			children = (
				69DE2FFE28B91961007FF87F /* CollectionViewCell.swift */,
				690F853628BE134800B0AFB8 /* imageView.swift */,
			);
			name = Views;
			sourceTree = "<group>";
		};
		690F853A28BE161800B0AFB8 /* SupportingFiles */ = {
			isa = PBXGroup;
			children = (
				69FB542028B7CAB3005524A1 /* AppDelegate.swift */,
				69FB542228B7CAB3005524A1 /* SceneDelegate.swift */,
				69FB542E28B7CAB4005524A1 /* Info.plist */,
			);
			name = SupportingFiles;
			sourceTree = "<group>";
		};
		690F853B28BE166B00B0AFB8 /* StoryBoard */ = {
			isa = PBXGroup;
			children = (
				69FB542628B7CAB3005524A1 /* Main.storyboard */,
				69FB542B28B7CAB4005524A1 /* LaunchScreen.storyboard */,
			);
			name = StoryBoard;
			sourceTree = "<group>";
		};
		690F853C28BE168000B0AFB8 /* Sourse */ = {
			isa = PBXGroup;
			children = (
				69FB542928B7CAB4005524A1 /* Assets.xcassets */,
			);
			name = Sourse;
			sourceTree = "<group>";
		};
		69FB541428B7CAB3005524A1 = {
			isa = PBXGroup;
			children = (
				69FB541F28B7CAB3005524A1 /* Photo Search */,
				69FB541E28B7CAB3005524A1 /* Products */,
			);
			sourceTree = "<group>";
		};
		69FB541E28B7CAB3005524A1 /* Products */ = {
			isa = PBXGroup;
			children = (
				69FB541D28B7CAB3005524A1 /* Photo Search.app */,
			);
			name = Products;
			sourceTree = "<group>";
		};
		69FB541F28B7CAB3005524A1 /* Photo Search */ = {
			isa = PBXGroup;
			children = (
				690F853A28BE161800B0AFB8 /* SupportingFiles */,
				690F853B28BE166B00B0AFB8 /* StoryBoard */,
				69FB543A28B7D2CA005524A1 /* Models */,
				690F853828BE159200B0AFB8 /* ViewControllers */,
				690F853928BE15D400B0AFB8 /* Views */,
				69FB543B28B7D2D9005524A1 /* Services */,
				690F853C28BE168000B0AFB8 /* Sourse */,
			);
			path = "Photo Search";
			sourceTree = "<group>";
		};
		69FB543A28B7D2CA005524A1 /* Models */ = {
			isa = PBXGroup;
			children = (
				69FB543828B7D060005524A1 /* SearchResults.swift */,
			);
			path = Models;
			sourceTree = "<group>";
		};
		69FB543B28B7D2D9005524A1 /* Services */ = {
			isa = PBXGroup;
			children = (
				69FB543628B7CE3F005524A1 /* NetworkManager.swift */,
			);
			name = Services;
			sourceTree = "<group>";
		};
/* End PBXGroup section */

/* Begin PBXNativeTarget section */
		69FB541C28B7CAB3005524A1 /* Photo Search */ = {
			isa = PBXNativeTarget;
			buildConfigurationList = 69FB543128B7CAB4005524A1 /* Build configuration list for PBXNativeTarget "Photo Search" */;
			buildPhases = (
				69FB541928B7CAB3005524A1 /* Sources */,
				69FB541A28B7CAB3005524A1 /* Frameworks */,
				69FB541B28B7CAB3005524A1 /* Resources */,
			);
			buildRules = (
			);
			dependencies = (
			);
			name = "Photo Search";
			productName = "Photo Search";
			productReference = 69FB541D28B7CAB3005524A1 /* Photo Search.app */;
			productType = "com.apple.product-type.application";
		};
/* End PBXNativeTarget section */

/* Begin PBXProject section */
		69FB541528B7CAB3005524A1 /* Project object */ = {
			isa = PBXProject;
			attributes = {
				BuildIndependentTargetsInParallel = 1;
				LastSwiftUpdateCheck = 1400;
				LastUpgradeCheck = 1400;
				TargetAttributes = {
					69FB541C28B7CAB3005524A1 = {
						CreatedOnToolsVersion = 14.0;
					};
				};
			};
			buildConfigurationList = 69FB541828B7CAB3005524A1 /* Build configuration list for PBXProject "Photo Search" */;
			compatibilityVersion = "Xcode 14.0";
			developmentRegion = en;
			hasScannedForEncodings = 0;
			knownRegions = (
				en,
				Base,
			);
			mainGroup = 69FB541428B7CAB3005524A1;
			productRefGroup = 69FB541E28B7CAB3005524A1 /* Products */;
			projectDirPath = "";
			projectRoot = "";
			targets = (
				69FB541C28B7CAB3005524A1 /* Photo Search */,
			);
		};
/* End PBXProject section */

/* Begin PBXResourcesBuildPhase section */
		69FB541B28B7CAB3005524A1 /* Resources */ = {
			isa = PBXResourcesBuildPhase;
			buildActionMask = 2147483647;
			files = (
				69FB542D28B7CAB4005524A1 /* LaunchScreen.storyboard in Resources */,
				69FB542A28B7CAB4005524A1 /* Assets.xcassets in Resources */,
				69FB542828B7CAB3005524A1 /* Main.storyboard in Resources */,
			);
			runOnlyForDeploymentPostprocessing = 0;
		};
/* End PBXResourcesBuildPhase section */

/* Begin PBXSourcesBuildPhase section */
		69FB541928B7CAB3005524A1 /* Sources */ = {
			isa = PBXSourcesBuildPhase;
			buildActionMask = 2147483647;
			files = (
				690F853728BE134800B0AFB8 /* imageView.swift in Sources */,
				69DE2FFF28B91961007FF87F /* CollectionViewCell.swift in Sources */,
				69D4D12628BBEF6D0023E34D /* MyPhotoViewController.swift in Sources */,
				69FB543728B7CE3F005524A1 /* NetworkManager.swift in Sources */,
				69FB542128B7CAB3005524A1 /* AppDelegate.swift in Sources */,
				69FB543928B7D060005524A1 /* SearchResults.swift in Sources */,
				69FB543528B7CB9B005524A1 /* PhotoCollectionViewController.swift in Sources */,
				69FB542328B7CAB3005524A1 /* SceneDelegate.swift in Sources */,
			);
			runOnlyForDeploymentPostprocessing = 0;
		};
/* End PBXSourcesBuildPhase section */

/* Begin PBXVariantGroup section */
		69FB542628B7CAB3005524A1 /* Main.storyboard */ = {
			isa = PBXVariantGroup;
			children = (
				69FB542728B7CAB3005524A1 /* Base */,
			);
			name = Main.storyboard;
			sourceTree = "<group>";
		};
		69FB542B28B7CAB4005524A1 /* LaunchScreen.storyboard */ = {
			isa = PBXVariantGroup;
			children = (
				69FB542C28B7CAB4005524A1 /* Base */,
			);
			name = LaunchScreen.storyboard;
			sourceTree = "<group>";
		};
/* End PBXVariantGroup section */

/* Begin XCBuildConfiguration section */
		69FB542F28B7CAB4005524A1 /* Debug */ = {
			isa = XCBuildConfiguration;
			buildSettings = {
				ALWAYS_SEARCH_USER_PATHS = NO;
				CLANG_ANALYZER_NONNULL = YES;
				CLANG_ANALYZER_NUMBER_OBJECT_CONVERSION = YES_AGGRESSIVE;
				CLANG_CXX_LANGUAGE_STANDARD = "gnu++20";
				CLANG_ENABLE_MODULES = YES;
				CLANG_ENABLE_OBJC_ARC = YES;
				CLANG_ENABLE_OBJC_WEAK = YES;
				CLANG_WARN_BLOCK_CAPTURE_AUTORELEASING = YES;
				CLANG_WARN_BOOL_CONVERSION = YES;
				CLANG_WARN_COMMA = YES;
				CLANG_WARN_CONSTANT_CONVERSION = YES;
				CLANG_WARN_DEPRECATED_OBJC_IMPLEMENTATIONS = YES;
				CLANG_WARN_DIRECT_OBJC_ISA_USAGE = YES_ERROR;
				CLANG_WARN_DOCUMENTATION_COMMENTS = YES;
				CLANG_WARN_EMPTY_BODY = YES;
				CLANG_WARN_ENUM_CONVERSION = YES;
				CLANG_WARN_INFINITE_RECURSION = YES;
				CLANG_WARN_INT_CONVERSION = YES;
				CLANG_WARN_NON_LITERAL_NULL_CONVERSION = YES;
				CLANG_WARN_OBJC_IMPLICIT_RETAIN_SELF = YES;
				CLANG_WARN_OBJC_LITERAL_CONVERSION = YES;
				CLANG_WARN_OBJC_ROOT_CLASS = YES_ERROR;
				CLANG_WARN_QUOTED_INCLUDE_IN_FRAMEWORK_HEADER = YES;
				CLANG_WARN_RANGE_LOOP_ANALYSIS = YES;
				CLANG_WARN_STRICT_PROTOTYPES = YES;
				CLANG_WARN_SUSPICIOUS_MOVE = YES;
				CLANG_WARN_UNGUARDED_AVAILABILITY = YES_AGGRESSIVE;
				CLANG_WARN_UNREACHABLE_CODE = YES;
				CLANG_WARN__DUPLICATE_METHOD_MATCH = YES;
				COPY_PHASE_STRIP = NO;
				DEBUG_INFORMATION_FORMAT = dwarf;
				ENABLE_STRICT_OBJC_MSGSEND = YES;
				ENABLE_TESTABILITY = YES;
				GCC_C_LANGUAGE_STANDARD = gnu11;
				GCC_DYNAMIC_NO_PIC = NO;
				GCC_NO_COMMON_BLOCKS = YES;
				GCC_OPTIMIZATION_LEVEL = 0;
				GCC_PREPROCESSOR_DEFINITIONS = (
					"DEBUG=1",
					"$(inherited)",
				);
				GCC_WARN_64_TO_32_BIT_CONVERSION = YES;
				GCC_WARN_ABOUT_RETURN_TYPE = YES_ERROR;
				GCC_WARN_UNDECLARED_SELECTOR = YES;
				GCC_WARN_UNINITIALIZED_AUTOS = YES_AGGRESSIVE;
				GCC_WARN_UNUSED_FUNCTION = YES;
				GCC_WARN_UNUSED_VARIABLE = YES;
				IPHONEOS_DEPLOYMENT_TARGET = 16.0;
				MTL_ENABLE_DEBUG_INFO = INCLUDE_SOURCE;
				MTL_FAST_MATH = YES;
				ONLY_ACTIVE_ARCH = YES;
				SDKROOT = iphoneos;
				SWIFT_ACTIVE_COMPILATION_CONDITIONS = DEBUG;
				SWIFT_OPTIMIZATION_LEVEL = "-Onone";
			};
			name = Debug;
		};
		69FB543028B7CAB4005524A1 /* Release */ = {
			isa = XCBuildConfiguration;
			buildSettings = {
				ALWAYS_SEARCH_USER_PATHS = NO;
				CLANG_ANALYZER_NONNULL = YES;
				CLANG_ANALYZER_NUMBER_OBJECT_CONVERSION = YES_AGGRESSIVE;
				CLANG_CXX_LANGUAGE_STANDARD = "gnu++20";
				CLANG_ENABLE_MODULES = YES;
				CLANG_ENABLE_OBJC_ARC = YES;
				CLANG_ENABLE_OBJC_WEAK = YES;
				CLANG_WARN_BLOCK_CAPTURE_AUTORELEASING = YES;
				CLANG_WARN_BOOL_CONVERSION = YES;
				CLANG_WARN_COMMA = YES;
				CLANG_WARN_CONSTANT_CONVERSION = YES;
				CLANG_WARN_DEPRECATED_OBJC_IMPLEMENTATIONS = YES;
				CLANG_WARN_DIRECT_OBJC_ISA_USAGE = YES_ERROR;
				CLANG_WARN_DOCUMENTATION_COMMENTS = YES;
				CLANG_WARN_EMPTY_BODY = YES;
				CLANG_WARN_ENUM_CONVERSION = YES;
				CLANG_WARN_INFINITE_RECURSION = YES;
				CLANG_WARN_INT_CONVERSION = YES;
				CLANG_WARN_NON_LITERAL_NULL_CONVERSION = YES;
				CLANG_WARN_OBJC_IMPLICIT_RETAIN_SELF = YES;
				CLANG_WARN_OBJC_LITERAL_CONVERSION = YES;
				CLANG_WARN_OBJC_ROOT_CLASS = YES_ERROR;
				CLANG_WARN_QUOTED_INCLUDE_IN_FRAMEWORK_HEADER = YES;
				CLANG_WARN_RANGE_LOOP_ANALYSIS = YES;
				CLANG_WARN_STRICT_PROTOTYPES = YES;
				CLANG_WARN_SUSPICIOUS_MOVE = YES;
				CLANG_WARN_UNGUARDED_AVAILABILITY = YES_AGGRESSIVE;
				CLANG_WARN_UNREACHABLE_CODE = YES;
				CLANG_WARN__DUPLICATE_METHOD_MATCH = YES;
				COPY_PHASE_STRIP = NO;
				DEBUG_INFORMATION_FORMAT = "dwarf-with-dsym";
				ENABLE_NS_ASSERTIONS = NO;
				ENABLE_STRICT_OBJC_MSGSEND = YES;
				GCC_C_LANGUAGE_STANDARD = gnu11;
				GCC_NO_COMMON_BLOCKS = YES;
				GCC_WARN_64_TO_32_BIT_CONVERSION = YES;
				GCC_WARN_ABOUT_RETURN_TYPE = YES_ERROR;
				GCC_WARN_UNDECLARED_SELECTOR = YES;
				GCC_WARN_UNINITIALIZED_AUTOS = YES_AGGRESSIVE;
				GCC_WARN_UNUSED_FUNCTION = YES;
				GCC_WARN_UNUSED_VARIABLE = YES;
				IPHONEOS_DEPLOYMENT_TARGET = 16.0;
				MTL_ENABLE_DEBUG_INFO = NO;
				MTL_FAST_MATH = YES;
				SDKROOT = iphoneos;
				SWIFT_COMPILATION_MODE = wholemodule;
				SWIFT_OPTIMIZATION_LEVEL = "-O";
				VALIDATE_PRODUCT = YES;
			};
			name = Release;
		};
		69FB543228B7CAB4005524A1 /* Debug */ = {
			isa = XCBuildConfiguration;
			buildSettings = {
				ASSETCATALOG_COMPILER_APPICON_NAME = AppIcon;
				ASSETCATALOG_COMPILER_GLOBAL_ACCENT_COLOR_NAME = AccentColor;
				CODE_SIGN_STYLE = Automatic;
				CURRENT_PROJECT_VERSION = 1;
				DEVELOPMENT_TEAM = PD9MGCM3R5;
				GENERATE_INFOPLIST_FILE = YES;
				INFOPLIST_FILE = "Photo Search/Info.plist";
				INFOPLIST_KEY_UIApplicationSupportsIndirectInputEvents = YES;
				INFOPLIST_KEY_UILaunchStoryboardName = LaunchScreen;
				INFOPLIST_KEY_UIMainStoryboardFile = Main;
				INFOPLIST_KEY_UISupportedInterfaceOrientations_iPad = "UIInterfaceOrientationPortrait UIInterfaceOrientationPortraitUpsideDown UIInterfaceOrientationLandscapeLeft UIInterfaceOrientationLandscapeRight";
				INFOPLIST_KEY_UISupportedInterfaceOrientations_iPhone = "UIInterfaceOrientationPortrait UIInterfaceOrientationLandscapeLeft UIInterfaceOrientationLandscapeRight";
				LD_RUNPATH_SEARCH_PATHS = (
					"$(inherited)",
					"@executable_path/Frameworks",
				);
				MARKETING_VERSION = 1.0;
				PRODUCT_BUNDLE_IDENTIFIER = "Anton-Duplin.Photo-Search";
				PRODUCT_NAME = "$(TARGET_NAME)";
				SWIFT_EMIT_LOC_STRINGS = YES;
				SWIFT_VERSION = 5.0;
				TARGETED_DEVICE_FAMILY = "1,2";
			};
			name = Debug;
		};
		69FB543328B7CAB4005524A1 /* Release */ = {
			isa = XCBuildConfiguration;
			buildSettings = {
				ASSETCATALOG_COMPILER_APPICON_NAME = AppIcon;
				ASSETCATALOG_COMPILER_GLOBAL_ACCENT_COLOR_NAME = AccentColor;
				CODE_SIGN_STYLE = Automatic;
				CURRENT_PROJECT_VERSION = 1;
				DEVELOPMENT_TEAM = PD9MGCM3R5;
				GENERATE_INFOPLIST_FILE = YES;
				INFOPLIST_FILE = "Photo Search/Info.plist";
				INFOPLIST_KEY_UIApplicationSupportsIndirectInputEvents = YES;
				INFOPLIST_KEY_UILaunchStoryboardName = LaunchScreen;
				INFOPLIST_KEY_UIMainStoryboardFile = Main;
				INFOPLIST_KEY_UISupportedInterfaceOrientations_iPad = "UIInterfaceOrientationPortrait UIInterfaceOrientationPortraitUpsideDown UIInterfaceOrientationLandscapeLeft UIInterfaceOrientationLandscapeRight";
				INFOPLIST_KEY_UISupportedInterfaceOrientations_iPhone = "UIInterfaceOrientationPortrait UIInterfaceOrientationLandscapeLeft UIInterfaceOrientationLandscapeRight";
				LD_RUNPATH_SEARCH_PATHS = (
					"$(inherited)",
					"@executable_path/Frameworks",
				);
				MARKETING_VERSION = 1.0;
				PRODUCT_BUNDLE_IDENTIFIER = "Anton-Duplin.Photo-Search";
				PRODUCT_NAME = "$(TARGET_NAME)";
				SWIFT_EMIT_LOC_STRINGS = YES;
				SWIFT_VERSION = 5.0;
				TARGETED_DEVICE_FAMILY = "1,2";
			};
			name = Release;
		};
/* End XCBuildConfiguration section */

/* Begin XCConfigurationList section */
		69FB541828B7CAB3005524A1 /* Build configuration list for PBXProject "Photo Search" */ = {
			isa = XCConfigurationList;
			buildConfigurations = (
				69FB542F28B7CAB4005524A1 /* Debug */,
				69FB543028B7CAB4005524A1 /* Release */,
			);
			defaultConfigurationIsVisible = 0;
			defaultConfigurationName = Release;
		};
		69FB543128B7CAB4005524A1 /* Build configuration list for PBXNativeTarget "Photo Search" */ = {
			isa = XCConfigurationList;
			buildConfigurations = (
				69FB543228B7CAB4005524A1 /* Debug */,
				69FB543328B7CAB4005524A1 /* Release */,
			);
			defaultConfigurationIsVisible = 0;
			defaultConfigurationName = Release;
		};
/* End XCConfigurationList section */
	};
	rootObject = 69FB541528B7CAB3005524A1 /* Project object */;
}
